
Microsoft Visual Studio Solution File, Format Version 12.00
# Visual Studio 15
VisualStudioVersion = 15.0.27130.2026
MinimumVisualStudioVersion = 10.0.40219.1
Project("{FAE04EC0-301F-11D3-BF4B-00C04F79EFBC}") = "InfiniteAsyncSourceSample", "InfiniteAsyncSourceSample.csproj", "{CBD78818-35BA-4EF1-9ED2-466A918FB66C}"
EndProject
Global
	GlobalSection(SolutionConfigurationPlatforms) = preSolution
		Debug|Any CPU = Debug|Any CPU
		Release|Any CPU = Release|Any CPU
	EndGlobalSection
	GlobalSection(ProjectConfigurationPlatforms) = postSolution
		{CBD78818-35BA-4EF1-9ED2-466A918FB66C}.Debug|Any CPU.ActiveCfg = Debug|Any CPU
		{CBD78818-35BA-4EF1-9ED2-466A918FB66C}.Debug|Any CPU.Build.0 = Debug|Any CPU
		{CBD78818-35BA-4EF1-9ED2-466A918FB66C}.Release|Any CPU.ActiveCfg = Release|Any CPU
		{CBD78818-35BA-4EF1-9ED2-466A918FB66C}.Release|Any CPU.Build.0 = Release|Any CPU		
	EndGlobalSection
	GlobalSection(SolutionProperties) = preSolution
		HideSolutionNode = FALSE
	EndGlobalSection
EndGlobal
