
Microsoft Visual Studio Solution File, Format Version 12.00
# Visual Studio Version 16
VisualStudioVersion = 16.0.31424.327
MinimumVisualStudioVersion = 10.0.40219.1
Project("{F184B08F-C81C-45F6-A57F-5ABD9991F28F}") = "InfiniteAsyncSourceSample", "InfiniteAsyncSourceSample.vbproj", "{CBD78818-35BA-4EF1-9ED2-466A918FB66C}"
EndProject
Project("{F184B08F-C81C-45F6-A57F-5ABD9991F28F}") = "InfiniteAsyncSourceMVVMSample", "..\InfiniteAsyncSourceMVVMSample\InfiniteAsyncSourceMVVMSample.vbproj", "{B841E3D6-D289-49A2-96E8-C076DBF89552}"
EndProject
Global
	GlobalSection(SolutionConfigurationPlatforms) = preSolution
		Debug|Any CPU = Debug|Any CPU
		Release|Any CPU = Release|Any CPU
	EndGlobalSection
	GlobalSection(ProjectConfigurationPlatforms) = postSolution
		{CBD78818-35BA-4EF1-9ED2-466A918FB66C}.Debug|Any CPU.ActiveCfg = Debug|Any CPU
		{CBD78818-35BA-4EF1-9ED2-466A918FB66C}.Debug|Any CPU.Build.0 = Debug|Any CPU
		{CBD78818-35BA-4EF1-9ED2-466A918FB66C}.Release|Any CPU.ActiveCfg = Release|Any CPU
		{CBD78818-35BA-4EF1-9ED2-466A918FB66C}.Release|Any CPU.Build.0 = Release|Any CPU
		{B841E3D6-D289-49A2-96E8-C076DBF89552}.Debug|Any CPU.ActiveCfg = Debug|Any CPU
		{B841E3D6-D289-49A2-96E8-C076DBF89552}.Debug|Any CPU.Build.0 = Debug|Any CPU
		{B841E3D6-D289-49A2-96E8-C076DBF89552}.Release|Any CPU.ActiveCfg = Release|Any CPU
		{B841E3D6-D289-49A2-96E8-C076DBF89552}.Release|Any CPU.Build.0 = Release|Any CPU
	EndGlobalSection
	GlobalSection(SolutionProperties) = preSolution
		HideSolutionNode = FALSE
	EndGlobalSection
	GlobalSection(ExtensibilityGlobals) = postSolution
		SolutionGuid = {FB7FFED3-A287-4B95-9DD8-7A2385F64E57}
	EndGlobalSection
EndGlobal
